// !$*UTF8*$!
{
	archiveVersion = 1;
	classes = {
	};
	objectVersion = 56;
	objects = {

/* Begin PBXBuildFile section */
		17ED801629A00DBC0046B4C2 /* LivesView.swift in Sources */ = {isa = PBXBuildFile; fileRef = 17ED801529A00DBC0046B4C2 /* LivesView.swift */; };
		47240289299C03010033C125 /* GameTests.swift in Sources */ = {isa = PBXBuildFile; fileRef = 47240288299C03000033C125 /* GameTests.swift */; };
		4724028E299C039B0033C125 /* Game.swift in Sources */ = {isa = PBXBuildFile; fileRef = 4724028D299C039B0033C125 /* Game.swift */; };
		474240D7299AD567002A04EA /* FizzBuzzApp.swift in Sources */ = {isa = PBXBuildFile; fileRef = 474240D6299AD567002A04EA /* FizzBuzzApp.swift */; };
		474240D9299AD567002A04EA /* ContentView.swift in Sources */ = {isa = PBXBuildFile; fileRef = 474240D8299AD567002A04EA /* ContentView.swift */; };
		474240DB299AD568002A04EA /* Assets.xcassets in Resources */ = {isa = PBXBuildFile; fileRef = 474240DA299AD568002A04EA /* Assets.xcassets */; };
		474240DE299AD568002A04EA /* Preview Assets.xcassets in Resources */ = {isa = PBXBuildFile; fileRef = 474240DD299AD568002A04EA /* Preview Assets.xcassets */; };
		474240F2299AD568002A04EA /* FizzBuzzUITests.swift in Sources */ = {isa = PBXBuildFile; fileRef = 474240F1299AD568002A04EA /* FizzBuzzUITests.swift */; };
		474240F4299AD568002A04EA /* FizzBuzzUITestsLaunchTests.swift in Sources */ = {isa = PBXBuildFile; fileRef = 474240F3299AD568002A04EA /* FizzBuzzUITestsLaunchTests.swift */; };
		47424101299AD594002A04EA /* BrainTests.swift in Sources */ = {isa = PBXBuildFile; fileRef = 47424100299AD594002A04EA /* BrainTests.swift */; };
		47424103299AD5BA002A04EA /* Brain.swift in Sources */ = {isa = PBXBuildFile; fileRef = 47424102299AD5BA002A04EA /* Brain.swift */; };
		C0F777E1299C1CF800668F03 /* ContentViewModel.swift in Sources */ = {isa = PBXBuildFile; fileRef = C0F777E0299C1CF800668F03 /* ContentViewModel.swift */; };
		C0F777E3299C1ED100668F03 /* ContentViewModelTests.swift in Sources */ = {isa = PBXBuildFile; fileRef = C0F777E2299C1ED100668F03 /* ContentViewModelTests.swift */; };
/* End PBXBuildFile section */

/* Begin PBXContainerItemProxy section */
		474240E4299AD568002A04EA /* PBXContainerItemProxy */ = {
			isa = PBXContainerItemProxy;
			containerPortal = 474240CB299AD567002A04EA /* Project object */;
			proxyType = 1;
			remoteGlobalIDString = 474240D2299AD567002A04EA;
			remoteInfo = FizzBuzz;
		};
		474240EE299AD568002A04EA /* PBXContainerItemProxy */ = {
			isa = PBXContainerItemProxy;
			containerPortal = 474240CB299AD567002A04EA /* Project object */;
			proxyType = 1;
			remoteGlobalIDString = 474240D2299AD567002A04EA;
			remoteInfo = FizzBuzz;
		};
/* End PBXContainerItemProxy section */

/* Begin PBXFileReference section */
		17ED801529A00DBC0046B4C2 /* LivesView.swift */ = {isa = PBXFileReference; lastKnownFileType = sourcecode.swift; path = LivesView.swift; sourceTree = "<group>"; };
		47240288299C03000033C125 /* GameTests.swift */ = {isa = PBXFileReference; lastKnownFileType = sourcecode.swift; path = GameTests.swift; sourceTree = "<group>"; };
		4724028D299C039B0033C125 /* Game.swift */ = {isa = PBXFileReference; lastKnownFileType = sourcecode.swift; path = Game.swift; sourceTree = "<group>"; };
		474240D3299AD567002A04EA /* FizzBuzz.app */ = {isa = PBXFileReference; explicitFileType = wrapper.application; includeInIndex = 0; path = FizzBuzz.app; sourceTree = BUILT_PRODUCTS_DIR; };
		474240D6299AD567002A04EA /* FizzBuzzApp.swift */ = {isa = PBXFileReference; lastKnownFileType = sourcecode.swift; path = FizzBuzzApp.swift; sourceTree = "<group>"; };
		474240D8299AD567002A04EA /* ContentView.swift */ = {isa = PBXFileReference; lastKnownFileType = sourcecode.swift; path = ContentView.swift; sourceTree = "<group>"; };
		474240DA299AD568002A04EA /* Assets.xcassets */ = {isa = PBXFileReference; lastKnownFileType = folder.assetcatalog; path = Assets.xcassets; sourceTree = "<group>"; };
		474240DD299AD568002A04EA /* Preview Assets.xcassets */ = {isa = PBXFileReference; lastKnownFileType = folder.assetcatalog; path = "Preview Assets.xcassets"; sourceTree = "<group>"; };
		474240E3299AD568002A04EA /* FizzBuzzTests.xctest */ = {isa = PBXFileReference; explicitFileType = wrapper.cfbundle; includeInIndex = 0; path = FizzBuzzTests.xctest; sourceTree = BUILT_PRODUCTS_DIR; };
		474240ED299AD568002A04EA /* FizzBuzzUITests.xctest */ = {isa = PBXFileReference; explicitFileType = wrapper.cfbundle; includeInIndex = 0; path = FizzBuzzUITests.xctest; sourceTree = BUILT_PRODUCTS_DIR; };
		474240F1299AD568002A04EA /* FizzBuzzUITests.swift */ = {isa = PBXFileReference; lastKnownFileType = sourcecode.swift; path = FizzBuzzUITests.swift; sourceTree = "<group>"; };
		474240F3299AD568002A04EA /* FizzBuzzUITestsLaunchTests.swift */ = {isa = PBXFileReference; lastKnownFileType = sourcecode.swift; path = FizzBuzzUITestsLaunchTests.swift; sourceTree = "<group>"; };
		47424100299AD594002A04EA /* BrainTests.swift */ = {isa = PBXFileReference; lastKnownFileType = sourcecode.swift; path = BrainTests.swift; sourceTree = "<group>"; };
		47424102299AD5BA002A04EA /* Brain.swift */ = {isa = PBXFileReference; lastKnownFileType = sourcecode.swift; path = Brain.swift; sourceTree = "<group>"; };
		C0F777E0299C1CF800668F03 /* ContentViewModel.swift */ = {isa = PBXFileReference; lastKnownFileType = sourcecode.swift; path = ContentViewModel.swift; sourceTree = "<group>"; };
		C0F777E2299C1ED100668F03 /* ContentViewModelTests.swift */ = {isa = PBXFileReference; lastKnownFileType = sourcecode.swift; path = ContentViewModelTests.swift; sourceTree = "<group>"; };
/* End PBXFileReference section */

/* Begin PBXFrameworksBuildPhase section */
		474240D0299AD567002A04EA /* Frameworks */ = {
			isa = PBXFrameworksBuildPhase;
			buildActionMask = 2147483647;
			files = (
			);
			runOnlyForDeploymentPostprocessing = 0;
		};
		474240E0299AD568002A04EA /* Frameworks */ = {
			isa = PBXFrameworksBuildPhase;
			buildActionMask = 2147483647;
			files = (
			);
			runOnlyForDeploymentPostprocessing = 0;
		};
		474240EA299AD568002A04EA /* Frameworks */ = {
			isa = PBXFrameworksBuildPhase;
			buildActionMask = 2147483647;
			files = (
			);
			runOnlyForDeploymentPostprocessing = 0;
		};
/* End PBXFrameworksBuildPhase section */

/* Begin PBXGroup section */
		4724028A299C037B0033C125 /* Model */ = {
			isa = PBXGroup;
			children = (
				47424102299AD5BA002A04EA /* Brain.swift */,
				4724028D299C039B0033C125 /* Game.swift */,
			);
			path = Model;
			sourceTree = "<group>";
		};
		474240CA299AD567002A04EA = {
			isa = PBXGroup;
			children = (
				474240D5299AD567002A04EA /* FizzBuzz */,
				474240E6299AD568002A04EA /* FizzBuzzTests */,
				474240F0299AD568002A04EA /* FizzBuzzUITests */,
				474240D4299AD567002A04EA /* Products */,
			);
			sourceTree = "<group>";
		};
		474240D4299AD567002A04EA /* Products */ = {
			isa = PBXGroup;
			children = (
				474240D3299AD567002A04EA /* FizzBuzz.app */,
				474240E3299AD568002A04EA /* FizzBuzzTests.xctest */,
				474240ED299AD568002A04EA /* FizzBuzzUITests.xctest */,
			);
			name = Products;
			sourceTree = "<group>";
		};
		474240D5299AD567002A04EA /* FizzBuzz */ = {
			isa = PBXGroup;
			children = (
				474240D6299AD567002A04EA /* FizzBuzzApp.swift */,
				474240D8299AD567002A04EA /* ContentView.swift */,
				17ED801529A00DBC0046B4C2 /* LivesView.swift */,
				C0F777E0299C1CF800668F03 /* ContentViewModel.swift */,
				474240DA299AD568002A04EA /* Assets.xcassets */,
				4724028A299C037B0033C125 /* Model */,
				474240DC299AD568002A04EA /* Preview Content */,
			);
			path = FizzBuzz;
			sourceTree = "<group>";
		};
		474240DC299AD568002A04EA /* Preview Content */ = {
			isa = PBXGroup;
			children = (
				474240DD299AD568002A04EA /* Preview Assets.xcassets */,
			);
			path = "Preview Content";
			sourceTree = "<group>";
		};
		474240E6299AD568002A04EA /* FizzBuzzTests */ = {
			isa = PBXGroup;
			children = (
				47424100299AD594002A04EA /* BrainTests.swift */,
				47240288299C03000033C125 /* GameTests.swift */,
				C0F777E2299C1ED100668F03 /* ContentViewModelTests.swift */,
			);
			path = FizzBuzzTests;
			sourceTree = "<group>";
		};
		474240F0299AD568002A04EA /* FizzBuzzUITests */ = {
			isa = PBXGroup;
			children = (
				474240F1299AD568002A04EA /* FizzBuzzUITests.swift */,
				474240F3299AD568002A04EA /* FizzBuzzUITestsLaunchTests.swift */,
			);
			path = FizzBuzzUITests;
			sourceTree = "<group>";
		};
/* End PBXGroup section */

/* Begin PBXNativeTarget section */
		474240D2299AD567002A04EA /* FizzBuzz */ = {
			isa = PBXNativeTarget;
			buildConfigurationList = 474240F7299AD568002A04EA /* Build configuration list for PBXNativeTarget "FizzBuzz" */;
			buildPhases = (
				474240CF299AD567002A04EA /* Sources */,
				474240D0299AD567002A04EA /* Frameworks */,
				474240D1299AD567002A04EA /* Resources */,
			);
			buildRules = (
			);
			dependencies = (
			);
			name = FizzBuzz;
			productName = FizzBuzz;
			productReference = 474240D3299AD567002A04EA /* FizzBuzz.app */;
			productType = "com.apple.product-type.application";
		};
		474240E2299AD568002A04EA /* FizzBuzzTests */ = {
			isa = PBXNativeTarget;
			buildConfigurationList = 474240FA299AD568002A04EA /* Build configuration list for PBXNativeTarget "FizzBuzzTests" */;
			buildPhases = (
				474240DF299AD568002A04EA /* Sources */,
				474240E0299AD568002A04EA /* Frameworks */,
				474240E1299AD568002A04EA /* Resources */,
			);
			buildRules = (
			);
			dependencies = (
				474240E5299AD568002A04EA /* PBXTargetDependency */,
			);
			name = FizzBuzzTests;
			productName = FizzBuzzTests;
			productReference = 474240E3299AD568002A04EA /* FizzBuzzTests.xctest */;
			productType = "com.apple.product-type.bundle.unit-test";
		};
		474240EC299AD568002A04EA /* FizzBuzzUITests */ = {
			isa = PBXNativeTarget;
			buildConfigurationList = 474240FD299AD568002A04EA /* Build configuration list for PBXNativeTarget "FizzBuzzUITests" */;
			buildPhases = (
				474240E9299AD568002A04EA /* Sources */,
				474240EA299AD568002A04EA /* Frameworks */,
				474240EB299AD568002A04EA /* Resources */,
			);
			buildRules = (
			);
			dependencies = (
				474240EF299AD568002A04EA /* PBXTargetDependency */,
			);
			name = FizzBuzzUITests;
			productName = FizzBuzzUITests;
			productReference = 474240ED299AD568002A04EA /* FizzBuzzUITests.xctest */;
			productType = "com.apple.product-type.bundle.ui-testing";
		};
/* End PBXNativeTarget section */

/* Begin PBXProject section */
		474240CB299AD567002A04EA /* Project object */ = {
			isa = PBXProject;
			attributes = {
				BuildIndependentTargetsInParallel = 1;
				LastSwiftUpdateCheck = 1410;
				LastUpgradeCheck = 1410;
				TargetAttributes = {
					474240D2299AD567002A04EA = {
						CreatedOnToolsVersion = 14.1;
					};
					474240E2299AD568002A04EA = {
						CreatedOnToolsVersion = 14.1;
						LastSwiftMigration = 1410;
						TestTargetID = 474240D2299AD567002A04EA;
					};
					474240EC299AD568002A04EA = {
						CreatedOnToolsVersion = 14.1;
						TestTargetID = 474240D2299AD567002A04EA;
					};
				};
			};
			buildConfigurationList = 474240CE299AD567002A04EA /* Build configuration list for PBXProject "FizzBuzz" */;
			compatibilityVersion = "Xcode 14.0";
			developmentRegion = en;
			hasScannedForEncodings = 0;
			knownRegions = (
				en,
				Base,
			);
			mainGroup = 474240CA299AD567002A04EA;
			productRefGroup = 474240D4299AD567002A04EA /* Products */;
			projectDirPath = "";
			projectRoot = "";
			targets = (
				474240D2299AD567002A04EA /* FizzBuzz */,
				474240E2299AD568002A04EA /* FizzBuzzTests */,
				474240EC299AD568002A04EA /* FizzBuzzUITests */,
			);
		};
/* End PBXProject section */

/* Begin PBXResourcesBuildPhase section */
		474240D1299AD567002A04EA /* Resources */ = {
			isa = PBXResourcesBuildPhase;
			buildActionMask = 2147483647;
			files = (
				474240DE299AD568002A04EA /* Preview Assets.xcassets in Resources */,
				474240DB299AD568002A04EA /* Assets.xcassets in Resources */,
			);
			runOnlyForDeploymentPostprocessing = 0;
		};
		474240E1299AD568002A04EA /* Resources */ = {
			isa = PBXResourcesBuildPhase;
			buildActionMask = 2147483647;
			files = (
			);
			runOnlyForDeploymentPostprocessing = 0;
		};
		474240EB299AD568002A04EA /* Resources */ = {
			isa = PBXResourcesBuildPhase;
			buildActionMask = 2147483647;
			files = (
			);
			runOnlyForDeploymentPostprocessing = 0;
		};
/* End PBXResourcesBuildPhase section */

/* Begin PBXSourcesBuildPhase section */
		474240CF299AD567002A04EA /* Sources */ = {
			isa = PBXSourcesBuildPhase;
			buildActionMask = 2147483647;
			files = (
				474240D9299AD567002A04EA /* ContentView.swift in Sources */,
				47424103299AD5BA002A04EA /* Brain.swift in Sources */,
				17ED801629A00DBC0046B4C2 /* LivesView.swift in Sources */,
				474240D7299AD567002A04EA /* FizzBuzzApp.swift in Sources */,
				4724028E299C039B0033C125 /* Game.swift in Sources */,
				C0F777E1299C1CF800668F03 /* ContentViewModel.swift in Sources */,
			);
			runOnlyForDeploymentPostprocessing = 0;
		};
		474240DF299AD568002A04EA /* Sources */ = {
			isa = PBXSourcesBuildPhase;
			buildActionMask = 2147483647;
			files = (
				47424101299AD594002A04EA /* BrainTests.swift in Sources */,
				47240289299C03010033C125 /* GameTests.swift in Sources */,
				C0F777E3299C1ED100668F03 /* ContentViewModelTests.swift in Sources */,
			);
			runOnlyForDeploymentPostprocessing = 0;
		};
		474240E9299AD568002A04EA /* Sources */ = {
			isa = PBXSourcesBuildPhase;
			buildActionMask = 2147483647;
			files = (
				474240F4299AD568002A04EA /* FizzBuzzUITestsLaunchTests.swift in Sources */,
				474240F2299AD568002A04EA /* FizzBuzzUITests.swift in Sources */,
			);
			runOnlyForDeploymentPostprocessing = 0;
		};
/* End PBXSourcesBuildPhase section */

/* Begin PBXTargetDependency section */
		474240E5299AD568002A04EA /* PBXTargetDependency */ = {
			isa = PBXTargetDependency;
			target = 474240D2299AD567002A04EA /* FizzBuzz */;
			targetProxy = 474240E4299AD568002A04EA /* PBXContainerItemProxy */;
		};
		474240EF299AD568002A04EA /* PBXTargetDependency */ = {
			isa = PBXTargetDependency;
			target = 474240D2299AD567002A04EA /* FizzBuzz */;
			targetProxy = 474240EE299AD568002A04EA /* PBXContainerItemProxy */;
		};
/* End PBXTargetDependency section */

/* Begin XCBuildConfiguration section */
		474240F5299AD568002A04EA /* Debug */ = {
			isa = XCBuildConfiguration;
			buildSettings = {
				ALWAYS_SEARCH_USER_PATHS = NO;
				CLANG_ANALYZER_NONNULL = YES;
				CLANG_ANALYZER_NUMBER_OBJECT_CONVERSION = YES_AGGRESSIVE;
				CLANG_CXX_LANGUAGE_STANDARD = "gnu++20";
				CLANG_ENABLE_MODULES = YES;
				CLANG_ENABLE_OBJC_ARC = YES;
				CLANG_ENABLE_OBJC_WEAK = YES;
				CLANG_WARN_BLOCK_CAPTURE_AUTORELEASING = YES;
				CLANG_WARN_BOOL_CONVERSION = YES;
				CLANG_WARN_COMMA = YES;
				CLANG_WARN_CONSTANT_CONVERSION = YES;
				CLANG_WARN_DEPRECATED_OBJC_IMPLEMENTATIONS = YES;
				CLANG_WARN_DIRECT_OBJC_ISA_USAGE = YES_ERROR;
				CLANG_WARN_DOCUMENTATION_COMMENTS = YES;
				CLANG_WARN_EMPTY_BODY = YES;
				CLANG_WARN_ENUM_CONVERSION = YES;
				CLANG_WARN_INFINITE_RECURSION = YES;
				CLANG_WARN_INT_CONVERSION = YES;
				CLANG_WARN_NON_LITERAL_NULL_CONVERSION = YES;
				CLANG_WARN_OBJC_IMPLICIT_RETAIN_SELF = YES;
				CLANG_WARN_OBJC_LITERAL_CONVERSION = YES;
				CLANG_WARN_OBJC_ROOT_CLASS = YES_ERROR;
				CLANG_WARN_QUOTED_INCLUDE_IN_FRAMEWORK_HEADER = YES;
				CLANG_WARN_RANGE_LOOP_ANALYSIS = YES;
				CLANG_WARN_STRICT_PROTOTYPES = YES;
				CLANG_WARN_SUSPICIOUS_MOVE = YES;
				CLANG_WARN_UNGUARDED_AVAILABILITY = YES_AGGRESSIVE;
				CLANG_WARN_UNREACHABLE_CODE = YES;
				CLANG_WARN__DUPLICATE_METHOD_MATCH = YES;
				COPY_PHASE_STRIP = NO;
				DEBUG_INFORMATION_FORMAT = dwarf;
				ENABLE_STRICT_OBJC_MSGSEND = YES;
				ENABLE_TESTABILITY = YES;
				GCC_C_LANGUAGE_STANDARD = gnu11;
				GCC_DYNAMIC_NO_PIC = NO;
				GCC_NO_COMMON_BLOCKS = YES;
				GCC_OPTIMIZATION_LEVEL = 0;
				GCC_PREPROCESSOR_DEFINITIONS = (
					"DEBUG=1",
					"$(inherited)",
				);
				GCC_WARN_64_TO_32_BIT_CONVERSION = YES;
				GCC_WARN_ABOUT_RETURN_TYPE = YES_ERROR;
				GCC_WARN_UNDECLARED_SELECTOR = YES;
				GCC_WARN_UNINITIALIZED_AUTOS = YES_AGGRESSIVE;
				GCC_WARN_UNUSED_FUNCTION = YES;
				GCC_WARN_UNUSED_VARIABLE = YES;
				IPHONEOS_DEPLOYMENT_TARGET = 16.1;
				MTL_ENABLE_DEBUG_INFO = INCLUDE_SOURCE;
				MTL_FAST_MATH = YES;
				ONLY_ACTIVE_ARCH = YES;
				SDKROOT = iphoneos;
				SWIFT_ACTIVE_COMPILATION_CONDITIONS = DEBUG;
				SWIFT_OPTIMIZATION_LEVEL = "-Onone";
			};
			name = Debug;
		};
		474240F6299AD568002A04EA /* Release */ = {
			isa = XCBuildConfiguration;
			buildSettings = {
				ALWAYS_SEARCH_USER_PATHS = NO;
				CLANG_ANALYZER_NONNULL = YES;
				CLANG_ANALYZER_NUMBER_OBJECT_CONVERSION = YES_AGGRESSIVE;
				CLANG_CXX_LANGUAGE_STANDARD = "gnu++20";
				CLANG_ENABLE_MODULES = YES;
				CLANG_ENABLE_OBJC_ARC = YES;
				CLANG_ENABLE_OBJC_WEAK = YES;
				CLANG_WARN_BLOCK_CAPTURE_AUTORELEASING = YES;
				CLANG_WARN_BOOL_CONVERSION = YES;
				CLANG_WARN_COMMA = YES;
				CLANG_WARN_CONSTANT_CONVERSION = YES;
				CLANG_WARN_DEPRECATED_OBJC_IMPLEMENTATIONS = YES;
				CLANG_WARN_DIRECT_OBJC_ISA_USAGE = YES_ERROR;
				CLANG_WARN_DOCUMENTATION_COMMENTS = YES;
				CLANG_WARN_EMPTY_BODY = YES;
				CLANG_WARN_ENUM_CONVERSION = YES;
				CLANG_WARN_INFINITE_RECURSION = YES;
				CLANG_WARN_INT_CONVERSION = YES;
				CLANG_WARN_NON_LITERAL_NULL_CONVERSION = YES;
				CLANG_WARN_OBJC_IMPLICIT_RETAIN_SELF = YES;
				CLANG_WARN_OBJC_LITERAL_CONVERSION = YES;
				CLANG_WARN_OBJC_ROOT_CLASS = YES_ERROR;
				CLANG_WARN_QUOTED_INCLUDE_IN_FRAMEWORK_HEADER = YES;
				CLANG_WARN_RANGE_LOOP_ANALYSIS = YES;
				CLANG_WARN_STRICT_PROTOTYPES = YES;
				CLANG_WARN_SUSPICIOUS_MOVE = YES;
				CLANG_WARN_UNGUARDED_AVAILABILITY = YES_AGGRESSIVE;
				CLANG_WARN_UNREACHABLE_CODE = YES;
				CLANG_WARN__DUPLICATE_METHOD_MATCH = YES;
				COPY_PHASE_STRIP = NO;
				DEBUG_INFORMATION_FORMAT = "dwarf-with-dsym";
				ENABLE_NS_ASSERTIONS = NO;
				ENABLE_STRICT_OBJC_MSGSEND = YES;
				GCC_C_LANGUAGE_STANDARD = gnu11;
				GCC_NO_COMMON_BLOCKS = YES;
				GCC_WARN_64_TO_32_BIT_CONVERSION = YES;
				GCC_WARN_ABOUT_RETURN_TYPE = YES_ERROR;
				GCC_WARN_UNDECLARED_SELECTOR = YES;
				GCC_WARN_UNINITIALIZED_AUTOS = YES_AGGRESSIVE;
				GCC_WARN_UNUSED_FUNCTION = YES;
				GCC_WARN_UNUSED_VARIABLE = YES;
				IPHONEOS_DEPLOYMENT_TARGET = 16.1;
				MTL_ENABLE_DEBUG_INFO = NO;
				MTL_FAST_MATH = YES;
				SDKROOT = iphoneos;
				SWIFT_COMPILATION_MODE = wholemodule;
				SWIFT_OPTIMIZATION_LEVEL = "-O";
				VALIDATE_PRODUCT = YES;
			};
			name = Release;
		};
		474240F8299AD568002A04EA /* Debug */ = {
			isa = XCBuildConfiguration;
			buildSettings = {
				ASSETCATALOG_COMPILER_APPICON_NAME = AppIcon;
				ASSETCATALOG_COMPILER_GLOBAL_ACCENT_COLOR_NAME = AccentColor;
				CODE_SIGN_STYLE = Automatic;
				CURRENT_PROJECT_VERSION = 1;
				DEVELOPMENT_ASSET_PATHS = "\"FizzBuzz/Preview Content\"";
				DEVELOPMENT_TEAM = 5M8NVJZA75;
				ENABLE_PREVIEWS = YES;
				GENERATE_INFOPLIST_FILE = YES;
				INFOPLIST_KEY_UIApplicationSceneManifest_Generation = YES;
				INFOPLIST_KEY_UIApplicationSupportsIndirectInputEvents = YES;
				INFOPLIST_KEY_UILaunchScreen_Generation = YES;
				INFOPLIST_KEY_UISupportedInterfaceOrientations_iPad = "UIInterfaceOrientationPortrait UIInterfaceOrientationPortraitUpsideDown UIInterfaceOrientationLandscapeLeft UIInterfaceOrientationLandscapeRight";
				INFOPLIST_KEY_UISupportedInterfaceOrientations_iPhone = "UIInterfaceOrientationPortrait UIInterfaceOrientationLandscapeLeft UIInterfaceOrientationLandscapeRight";
				LD_RUNPATH_SEARCH_PATHS = (
					"$(inherited)",
					"@executable_path/Frameworks",
				);
				MARKETING_VERSION = 1.0;
				PRODUCT_BUNDLE_IDENTIFIER = br.ufpe.cin.academy.tvgf.FizzBuzz;
				PRODUCT_NAME = "$(TARGET_NAME)";
				SWIFT_EMIT_LOC_STRINGS = YES;
				SWIFT_VERSION = 5.0;
				TARGETED_DEVICE_FAMILY = "1,2";
			};
			name = Debug;
		};
		474240F9299AD568002A04EA /* Release */ = {
			isa = XCBuildConfiguration;
			buildSettings = {
				ASSETCATALOG_COMPILER_APPICON_NAME = AppIcon;
				ASSETCATALOG_COMPILER_GLOBAL_ACCENT_COLOR_NAME = AccentColor;
				CODE_SIGN_STYLE = Automatic;
				CURRENT_PROJECT_VERSION = 1;
				DEVELOPMENT_ASSET_PATHS = "\"FizzBuzz/Preview Content\"";
				DEVELOPMENT_TEAM = 5M8NVJZA75;
				ENABLE_PREVIEWS = YES;
				GENERATE_INFOPLIST_FILE = YES;
				INFOPLIST_KEY_UIApplicationSceneManifest_Generation = YES;
				INFOPLIST_KEY_UIApplicationSupportsIndirectInputEvents = YES;
				INFOPLIST_KEY_UILaunchScreen_Generation = YES;
				INFOPLIST_KEY_UISupportedInterfaceOrientations_iPad = "UIInterfaceOrientationPortrait UIInterfaceOrientationPortraitUpsideDown UIInterfaceOrientationLandscapeLeft UIInterfaceOrientationLandscapeRight";
				INFOPLIST_KEY_UISupportedInterfaceOrientations_iPhone = "UIInterfaceOrientationPortrait UIInterfaceOrientationLandscapeLeft UIInterfaceOrientationLandscapeRight";
				LD_RUNPATH_SEARCH_PATHS = (
					"$(inherited)",
					"@executable_path/Frameworks",
				);
				MARKETING_VERSION = 1.0;
				PRODUCT_BUNDLE_IDENTIFIER = br.ufpe.cin.academy.tvgf.FizzBuzz;
				PRODUCT_NAME = "$(TARGET_NAME)";
				SWIFT_EMIT_LOC_STRINGS = YES;
				SWIFT_VERSION = 5.0;
				TARGETED_DEVICE_FAMILY = "1,2";
			};
			name = Release;
		};
		474240FB299AD568002A04EA /* Debug */ = {
			isa = XCBuildConfiguration;
			buildSettings = {
				ALWAYS_EMBED_SWIFT_STANDARD_LIBRARIES = YES;
				BUNDLE_LOADER = "$(TEST_HOST)";
				CLANG_ENABLE_MODULES = YES;
				CODE_SIGN_STYLE = Automatic;
				CURRENT_PROJECT_VERSION = 1;
				DEVELOPMENT_TEAM = 5M8NVJZA75;
				GENERATE_INFOPLIST_FILE = YES;
				IPHONEOS_DEPLOYMENT_TARGET = 16.1;
				LD_RUNPATH_SEARCH_PATHS = (
					"$(inherited)",
					"@executable_path/Frameworks",
					"@loader_path/Frameworks",
				);
				MARKETING_VERSION = 1.0;
				PRODUCT_BUNDLE_IDENTIFIER = br.ufpe.cin.academy.tvgf.FizzBuzzTests;
				PRODUCT_NAME = "$(TARGET_NAME)";
				SWIFT_EMIT_LOC_STRINGS = NO;
				SWIFT_OPTIMIZATION_LEVEL = "-Onone";
				SWIFT_VERSION = 5.0;
				TARGETED_DEVICE_FAMILY = "1,2";
				TEST_HOST = "$(BUILT_PRODUCTS_DIR)/FizzBuzz.app/$(BUNDLE_EXECUTABLE_FOLDER_PATH)/FizzBuzz";
			};
			name = Debug;
		};
		474240FC299AD568002A04EA /* Release */ = {
			isa = XCBuildConfiguration;
			buildSettings = {
				ALWAYS_EMBED_SWIFT_STANDARD_LIBRARIES = YES;
				BUNDLE_LOADER = "$(TEST_HOST)";
				CLANG_ENABLE_MODULES = YES;
				CODE_SIGN_STYLE = Automatic;
				CURRENT_PROJECT_VERSION = 1;
				DEVELOPMENT_TEAM = 5M8NVJZA75;
				GENERATE_INFOPLIST_FILE = YES;
				IPHONEOS_DEPLOYMENT_TARGET = 16.1;
				LD_RUNPATH_SEARCH_PATHS = (
					"$(inherited)",
					"@executable_path/Frameworks",
					"@loader_path/Frameworks",
				);
				MARKETING_VERSION = 1.0;
				PRODUCT_BUNDLE_IDENTIFIER = br.ufpe.cin.academy.tvgf.FizzBuzzTests;
				PRODUCT_NAME = "$(TARGET_NAME)";
				SWIFT_EMIT_LOC_STRINGS = NO;
				SWIFT_VERSION = 5.0;
				TARGETED_DEVICE_FAMILY = "1,2";
				TEST_HOST = "$(BUILT_PRODUCTS_DIR)/FizzBuzz.app/$(BUNDLE_EXECUTABLE_FOLDER_PATH)/FizzBuzz";
			};
			name = Release;
		};
		474240FE299AD568002A04EA /* Debug */ = {
			isa = XCBuildConfiguration;
			buildSettings = {
				ALWAYS_EMBED_SWIFT_STANDARD_LIBRARIES = YES;
				CODE_SIGN_STYLE = Automatic;
				CURRENT_PROJECT_VERSION = 1;
				DEVELOPMENT_TEAM = 5M8NVJZA75;
				GENERATE_INFOPLIST_FILE = YES;
				MARKETING_VERSION = 1.0;
				PRODUCT_BUNDLE_IDENTIFIER = br.ufpe.cin.academy.tvgf.FizzBuzzUITests;
				PRODUCT_NAME = "$(TARGET_NAME)";
				SWIFT_EMIT_LOC_STRINGS = NO;
				SWIFT_VERSION = 5.0;
				TARGETED_DEVICE_FAMILY = "1,2";
				TEST_TARGET_NAME = FizzBuzz;
			};
			name = Debug;
		};
		474240FF299AD568002A04EA /* Release */ = {
			isa = XCBuildConfiguration;
			buildSettings = {
				ALWAYS_EMBED_SWIFT_STANDARD_LIBRARIES = YES;
				CODE_SIGN_STYLE = Automatic;
				CURRENT_PROJECT_VERSION = 1;
				DEVELOPMENT_TEAM = 5M8NVJZA75;
				GENERATE_INFOPLIST_FILE = YES;
				MARKETING_VERSION = 1.0;
				PRODUCT_BUNDLE_IDENTIFIER = br.ufpe.cin.academy.tvgf.FizzBuzzUITests;
				PRODUCT_NAME = "$(TARGET_NAME)";
				SWIFT_EMIT_LOC_STRINGS = NO;
				SWIFT_VERSION = 5.0;
				TARGETED_DEVICE_FAMILY = "1,2";
				TEST_TARGET_NAME = FizzBuzz;
			};
			name = Release;
		};
/* End XCBuildConfiguration section */

/* Begin XCConfigurationList section */
		474240CE299AD567002A04EA /* Build configuration list for PBXProject "FizzBuzz" */ = {
			isa = XCConfigurationList;
			buildConfigurations = (
				474240F5299AD568002A04EA /* Debug */,
				474240F6299AD568002A04EA /* Release */,
			);
			defaultConfigurationIsVisible = 0;
			defaultConfigurationName = Release;
		};
		474240F7299AD568002A04EA /* Build configuration list for PBXNativeTarget "FizzBuzz" */ = {
			isa = XCConfigurationList;
			buildConfigurations = (
				474240F8299AD568002A04EA /* Debug */,
				474240F9299AD568002A04EA /* Release */,
			);
			defaultConfigurationIsVisible = 0;
			defaultConfigurationName = Release;
		};
		474240FA299AD568002A04EA /* Build configuration list for PBXNativeTarget "FizzBuzzTests" */ = {
			isa = XCConfigurationList;
			buildConfigurations = (
				474240FB299AD568002A04EA /* Debug */,
				474240FC299AD568002A04EA /* Release */,
			);
			defaultConfigurationIsVisible = 0;
			defaultConfigurationName = Release;
		};
		474240FD299AD568002A04EA /* Build configuration list for PBXNativeTarget "FizzBuzzUITests" */ = {
			isa = XCConfigurationList;
			buildConfigurations = (
				474240FE299AD568002A04EA /* Debug */,
				474240FF299AD568002A04EA /* Release */,
			);
			defaultConfigurationIsVisible = 0;
			defaultConfigurationName = Release;
		};
/* End XCConfigurationList section */
	};
	rootObject = 474240CB299AD567002A04EA /* Project object */;
}
